// !$*UTF8*$!
{
	archiveVersion = 1;
	classes = {
	};
	objectVersion = 46;
	objects = {

/* Begin PBXBuildFile section */
		8A05244C19313C9000780643 /* Foundation.framework in Frameworks */ = {isa = PBXBuildFile; fileRef = 8A05244B19313C9000780643 /* Foundation.framework */; };
		8A05244E19313C9000780643 /* CoreGraphics.framework in Frameworks */ = {isa = PBXBuildFile; fileRef = 8A05244D19313C9000780643 /* CoreGraphics.framework */; };
		8A05245019313C9000780643 /* UIKit.framework in Frameworks */ = {isa = PBXBuildFile; fileRef = 8A05244F19313C9000780643 /* UIKit.framework */; };
		8A05245619313C9000780643 /* InfoPlist.strings in Resources */ = {isa = PBXBuildFile; fileRef = 8A05245419313C9000780643 /* InfoPlist.strings */; };
		8A05245819313C9000780643 /* main.m in Sources */ = {isa = PBXBuildFile; fileRef = 8A05245719313C9000780643 /* main.m */; };
		8A05245C19313C9000780643 /* AppDelegate.m in Sources */ = {isa = PBXBuildFile; fileRef = 8A05245B19313C9000780643 /* AppDelegate.m */; };
		8A05245F19313C9000780643 /* Main.storyboard in Resources */ = {isa = PBXBuildFile; fileRef = 8A05245D19313C9000780643 /* Main.storyboard */; };
		8A05246219313C9000780643 /* FirstViewController.m in Sources */ = {isa = PBXBuildFile; fileRef = 8A05246119313C9000780643 /* FirstViewController.m */; };
		8A05246519313C9000780643 /* SecondViewController.m in Sources */ = {isa = PBXBuildFile; fileRef = 8A05246419313C9000780643 /* SecondViewController.m */; };
		8A05246719313C9000780643 /* Images.xcassets in Resources */ = {isa = PBXBuildFile; fileRef = 8A05246619313C9000780643 /* Images.xcassets */; };
		8A05246E19313C9000780643 /* XCTest.framework in Frameworks */ = {isa = PBXBuildFile; fileRef = 8A05246D19313C9000780643 /* XCTest.framework */; };
		8A05246F19313C9000780643 /* Foundation.framework in Frameworks */ = {isa = PBXBuildFile; fileRef = 8A05244B19313C9000780643 /* Foundation.framework */; };
		8A05247019313C9000780643 /* UIKit.framework in Frameworks */ = {isa = PBXBuildFile; fileRef = 8A05244F19313C9000780643 /* UIKit.framework */; };
		8A05247819313C9000780643 /* InfoPlist.strings in Resources */ = {isa = PBXBuildFile; fileRef = 8A05247619313C9000780643 /* InfoPlist.strings */; };
		8A05247A19313C9000780643 /* TextventureTests.m in Sources */ = {isa = PBXBuildFile; fileRef = 8A05247919313C9000780643 /* TextventureTests.m */; };
/* End PBXBuildFile section */

/* Begin PBXContainerItemProxy section */
		8A05247119313C9000780643 /* PBXContainerItemProxy */ = {
			isa = PBXContainerItemProxy;
			containerPortal = 8A05244019313C9000780643 /* Project object */;
			proxyType = 1;
			remoteGlobalIDString = 8A05244719313C9000780643;
			remoteInfo = Textventure;
		};
/* End PBXContainerItemProxy section */

/* Begin PBXFileReference section */
		8A05244819313C9000780643 /* Textventure.app */ = {isa = PBXFileReference; explicitFileType = wrapper.application; includeInIndex = 0; path = Textventure.app; sourceTree = BUILT_PRODUCTS_DIR; };
		8A05244B19313C9000780643 /* Foundation.framework */ = {isa = PBXFileReference; lastKnownFileType = wrapper.framework; name = Foundation.framework; path = System/Library/Frameworks/Foundation.framework; sourceTree = SDKROOT; };
		8A05244D19313C9000780643 /* CoreGraphics.framework */ = {isa = PBXFileReference; lastKnownFileType = wrapper.framework; name = CoreGraphics.framework; path = System/Library/Frameworks/CoreGraphics.framework; sourceTree = SDKROOT; };
		8A05244F19313C9000780643 /* UIKit.framework */ = {isa = PBXFileReference; lastKnownFileType = wrapper.framework; name = UIKit.framework; path = System/Library/Frameworks/UIKit.framework; sourceTree = SDKROOT; };
		8A05245319313C9000780643 /* Textventure-Info.plist */ = {isa = PBXFileReference; lastKnownFileType = text.plist.xml; path = "Textventure-Info.plist"; sourceTree = "<group>"; };
		8A05245519313C9000780643 /* en */ = {isa = PBXFileReference; lastKnownFileType = text.plist.strings; name = en; path = en.lproj/InfoPlist.strings; sourceTree = "<group>"; };
		8A05245719313C9000780643 /* main.m */ = {isa = PBXFileReference; lastKnownFileType = sourcecode.c.objc; path = main.m; sourceTree = "<group>"; };
		8A05245919313C9000780643 /* Textventure-Prefix.pch */ = {isa = PBXFileReference; lastKnownFileType = sourcecode.c.h; path = "Textventure-Prefix.pch"; sourceTree = "<group>"; };
		8A05245A19313C9000780643 /* AppDelegate.h */ = {isa = PBXFileReference; lastKnownFileType = sourcecode.c.h; path = AppDelegate.h; sourceTree = "<group>"; };
		8A05245B19313C9000780643 /* AppDelegate.m */ = {isa = PBXFileReference; lastKnownFileType = sourcecode.c.objc; path = AppDelegate.m; sourceTree = "<group>"; };
		8A05245E19313C9000780643 /* Base */ = {isa = PBXFileReference; lastKnownFileType = file.storyboard; name = Base; path = Base.lproj/Main.storyboard; sourceTree = "<group>"; };
		8A05246019313C9000780643 /* FirstViewController.h */ = {isa = PBXFileReference; lastKnownFileType = sourcecode.c.h; path = FirstViewController.h; sourceTree = "<group>"; };
		8A05246119313C9000780643 /* FirstViewController.m */ = {isa = PBXFileReference; lastKnownFileType = sourcecode.c.objc; path = FirstViewController.m; sourceTree = "<group>"; };
		8A05246319313C9000780643 /* SecondViewController.h */ = {isa = PBXFileReference; lastKnownFileType = sourcecode.c.h; path = SecondViewController.h; sourceTree = "<group>"; };
		8A05246419313C9000780643 /* SecondViewController.m */ = {isa = PBXFileReference; lastKnownFileType = sourcecode.c.objc; path = SecondViewController.m; sourceTree = "<group>"; };
		8A05246619313C9000780643 /* Images.xcassets */ = {isa = PBXFileReference; lastKnownFileType = folder.assetcatalog; path = Images.xcassets; sourceTree = "<group>"; };
		8A05246C19313C9000780643 /* TextventureTests.xctest */ = {isa = PBXFileReference; explicitFileType = wrapper.cfbundle; includeInIndex = 0; path = TextventureTests.xctest; sourceTree = BUILT_PRODUCTS_DIR; };
		8A05246D19313C9000780643 /* XCTest.framework */ = {isa = PBXFileReference; lastKnownFileType = wrapper.framework; name = XCTest.framework; path = Library/Frameworks/XCTest.framework; sourceTree = DEVELOPER_DIR; };
		8A05247519313C9000780643 /* TextventureTests-Info.plist */ = {isa = PBXFileReference; lastKnownFileType = text.plist.xml; path = "TextventureTests-Info.plist"; sourceTree = "<group>"; };
		8A05247719313C9000780643 /* en */ = {isa = PBXFileReference; lastKnownFileType = text.plist.strings; name = en; path = en.lproj/InfoPlist.strings; sourceTree = "<group>"; };
		8A05247919313C9000780643 /* TextventureTests.m */ = {isa = PBXFileReference; lastKnownFileType = sourcecode.c.objc; path = TextventureTests.m; sourceTree = "<group>"; };
/* End PBXFileReference section */

/* Begin PBXFrameworksBuildPhase section */
		8A05244519313C9000780643 /* Frameworks */ = {
			isa = PBXFrameworksBuildPhase;
			buildActionMask = 2147483647;
			files = (
				8A05244E19313C9000780643 /* CoreGraphics.framework in Frameworks */,
				8A05245019313C9000780643 /* UIKit.framework in Frameworks */,
				8A05244C19313C9000780643 /* Foundation.framework in Frameworks */,
			);
			runOnlyForDeploymentPostprocessing = 0;
		};
		8A05246919313C9000780643 /* Frameworks */ = {
			isa = PBXFrameworksBuildPhase;
			buildActionMask = 2147483647;
			files = (
				8A05246E19313C9000780643 /* XCTest.framework in Frameworks */,
				8A05247019313C9000780643 /* UIKit.framework in Frameworks */,
				8A05246F19313C9000780643 /* Foundation.framework in Frameworks */,
			);
			runOnlyForDeploymentPostprocessing = 0;
		};
/* End PBXFrameworksBuildPhase section */

/* Begin PBXGroup section */
		8A05243F19313C9000780643 = {
			isa = PBXGroup;
			children = (
				8A05245119313C9000780643 /* Textventure */,
				8A05247319313C9000780643 /* TextventureTests */,
				8A05244A19313C9000780643 /* Frameworks */,
				8A05244919313C9000780643 /* Products */,
			);
			sourceTree = "<group>";
		};
		8A05244919313C9000780643 /* Products */ = {
			isa = PBXGroup;
			children = (
				8A05244819313C9000780643 /* Textventure.app */,
				8A05246C19313C9000780643 /* TextventureTests.xctest */,
			);
			name = Products;
			sourceTree = "<group>";
		};
		8A05244A19313C9000780643 /* Frameworks */ = {
			isa = PBXGroup;
			children = (
				8A05244B19313C9000780643 /* Foundation.framework */,
				8A05244D19313C9000780643 /* CoreGraphics.framework */,
				8A05244F19313C9000780643 /* UIKit.framework */,
				8A05246D19313C9000780643 /* XCTest.framework */,
			);
			name = Frameworks;
			sourceTree = "<group>";
		};
		8A05245119313C9000780643 /* Textventure */ = {
			isa = PBXGroup;
			children = (
				8A05245A19313C9000780643 /* AppDelegate.h */,
				8A05245B19313C9000780643 /* AppDelegate.m */,
				8A05245D19313C9000780643 /* Main.storyboard */,
				8A05246019313C9000780643 /* FirstViewController.h */,
				8A05246119313C9000780643 /* FirstViewController.m */,
				8A05246319313C9000780643 /* SecondViewController.h */,
				8A05246419313C9000780643 /* SecondViewController.m */,
				8A05246619313C9000780643 /* Images.xcassets */,
				8A05245219313C9000780643 /* Supporting Files */,
			);
			path = Textventure;
			sourceTree = "<group>";
		};
		8A05245219313C9000780643 /* Supporting Files */ = {
			isa = PBXGroup;
			children = (
				8A05245319313C9000780643 /* Textventure-Info.plist */,
				8A05245419313C9000780643 /* InfoPlist.strings */,
				8A05245719313C9000780643 /* main.m */,
				8A05245919313C9000780643 /* Textventure-Prefix.pch */,
			);
			name = "Supporting Files";
			sourceTree = "<group>";
		};
		8A05247319313C9000780643 /* TextventureTests */ = {
			isa = PBXGroup;
			children = (
				8A05247919313C9000780643 /* TextventureTests.m */,
				8A05247419313C9000780643 /* Supporting Files */,
			);
			path = TextventureTests;
			sourceTree = "<group>";
		};
		8A05247419313C9000780643 /* Supporting Files */ = {
			isa = PBXGroup;
			children = (
				8A05247519313C9000780643 /* TextventureTests-Info.plist */,
				8A05247619313C9000780643 /* InfoPlist.strings */,
			);
			name = "Supporting Files";
			sourceTree = "<group>";
		};
/* End PBXGroup section */

/* Begin PBXNativeTarget section */
		8A05244719313C9000780643 /* Textventure */ = {
			isa = PBXNativeTarget;
			buildConfigurationList = 8A05247D19313C9000780643 /* Build configuration list for PBXNativeTarget "Textventure" */;
			buildPhases = (
				8A05244419313C9000780643 /* Sources */,
				8A05244519313C9000780643 /* Frameworks */,
				8A05244619313C9000780643 /* Resources */,
			);
			buildRules = (
			);
			dependencies = (
			);
			name = Textventure;
			productName = Textventure;
			productReference = 8A05244819313C9000780643 /* Textventure.app */;
			productType = "com.apple.product-type.application";
		};
		8A05246B19313C9000780643 /* TextventureTests */ = {
			isa = PBXNativeTarget;
			buildConfigurationList = 8A05248019313C9000780643 /* Build configuration list for PBXNativeTarget "TextventureTests" */;
			buildPhases = (
				8A05246819313C9000780643 /* Sources */,
				8A05246919313C9000780643 /* Frameworks */,
				8A05246A19313C9000780643 /* Resources */,
			);
			buildRules = (
			);
			dependencies = (
				8A05247219313C9000780643 /* PBXTargetDependency */,
			);
			name = TextventureTests;
			productName = TextventureTests;
			productReference = 8A05246C19313C9000780643 /* TextventureTests.xctest */;
			productType = "com.apple.product-type.bundle.unit-test";
		};
/* End PBXNativeTarget section */

/* Begin PBXProject section */
		8A05244019313C9000780643 /* Project object */ = {
			isa = PBXProject;
			attributes = {
				LastUpgradeCheck = 0510;
				ORGANIZATIONNAME = "Trushitha Narla";
				TargetAttributes = {
					8A05246B19313C9000780643 = {
						TestTargetID = 8A05244719313C9000780643;
					};
				};
			};
			buildConfigurationList = 8A05244319313C9000780643 /* Build configuration list for PBXProject "Textventure" */;
			compatibilityVersion = "Xcode 3.2";
			developmentRegion = English;
			hasScannedForEncodings = 0;
			knownRegions = (
				en,
				Base,
			);
			mainGroup = 8A05243F19313C9000780643;
			productRefGroup = 8A05244919313C9000780643 /* Products */;
			projectDirPath = "";
			projectRoot = "";
			targets = (
				8A05244719313C9000780643 /* Textventure */,
				8A05246B19313C9000780643 /* TextventureTests */,
			);
		};
/* End PBXProject section */

/* Begin PBXResourcesBuildPhase section */
		8A05244619313C9000780643 /* Resources */ = {
			isa = PBXResourcesBuildPhase;
			buildActionMask = 2147483647;
			files = (
				8A05246719313C9000780643 /* Images.xcassets in Resources */,
				8A05245619313C9000780643 /* InfoPlist.strings in Resources */,
				8A05245F19313C9000780643 /* Main.storyboard in Resources */,
			);
			runOnlyForDeploymentPostprocessing = 0;
		};
		8A05246A19313C9000780643 /* Resources */ = {
			isa = PBXResourcesBuildPhase;
			buildActionMask = 2147483647;
			files = (
				8A05247819313C9000780643 /* InfoPlist.strings in Resources */,
			);
			runOnlyForDeploymentPostprocessing = 0;
		};
/* End PBXResourcesBuildPhase section */

/* Begin PBXSourcesBuildPhase section */
		8A05244419313C9000780643 /* Sources */ = {
			isa = PBXSourcesBuildPhase;
			buildActionMask = 2147483647;
			files = (
				8A05246519313C9000780643 /* SecondViewController.m in Sources */,
				8A05245C19313C9000780643 /* AppDelegate.m in Sources */,
				8A05246219313C9000780643 /* FirstViewController.m in Sources */,
				8A05245819313C9000780643 /* main.m in Sources */,
			);
			runOnlyForDeploymentPostprocessing = 0;
		};
		8A05246819313C9000780643 /* Sources */ = {
			isa = PBXSourcesBuildPhase;
			buildActionMask = 2147483647;
			files = (
				8A05247A19313C9000780643 /* TextventureTests.m in Sources */,
			);
			runOnlyForDeploymentPostprocessing = 0;
		};
/* End PBXSourcesBuildPhase section */

/* Begin PBXTargetDependency section */
		8A05247219313C9000780643 /* PBXTargetDependency */ = {
			isa = PBXTargetDependency;
			target = 8A05244719313C9000780643 /* Textventure */;
			targetProxy = 8A05247119313C9000780643 /* PBXContainerItemProxy */;
		};
/* End PBXTargetDependency section */

/* Begin PBXVariantGroup section */
		8A05245419313C9000780643 /* InfoPlist.strings */ = {
			isa = PBXVariantGroup;
			children = (
				8A05245519313C9000780643 /* en */,
			);
			name = InfoPlist.strings;
			sourceTree = "<group>";
		};
		8A05245D19313C9000780643 /* Main.storyboard */ = {
			isa = PBXVariantGroup;
			children = (
				8A05245E19313C9000780643 /* Base */,
			);
			name = Main.storyboard;
			sourceTree = "<group>";
		};
		8A05247619313C9000780643 /* InfoPlist.strings */ = {
			isa = PBXVariantGroup;
			children = (
				8A05247719313C9000780643 /* en */,
			);
			name = InfoPlist.strings;
			sourceTree = "<group>";
		};
/* End PBXVariantGroup section */

/* Begin XCBuildConfiguration section */
		8A05247B19313C9000780643 /* Debug */ = {
			isa = XCBuildConfiguration;
			buildSettings = {
				ALWAYS_SEARCH_USER_PATHS = NO;
				CLANG_CXX_LANGUAGE_STANDARD = "gnu++0x";
				CLANG_CXX_LIBRARY = "libc++";
				CLANG_ENABLE_MODULES = YES;
				CLANG_ENABLE_OBJC_ARC = YES;
				CLANG_WARN_BOOL_CONVERSION = YES;
				CLANG_WARN_CONSTANT_CONVERSION = YES;
				CLANG_WARN_DIRECT_OBJC_ISA_USAGE = YES_ERROR;
				CLANG_WARN_EMPTY_BODY = YES;
				CLANG_WARN_ENUM_CONVERSION = YES;
				CLANG_WARN_INT_CONVERSION = YES;
				CLANG_WARN_OBJC_ROOT_CLASS = YES_ERROR;
				CLANG_WARN__DUPLICATE_METHOD_MATCH = YES;
				"CODE_SIGN_IDENTITY[sdk=iphoneos*]" = "iPhone Developer";
				COPY_PHASE_STRIP = NO;
				GCC_C_LANGUAGE_STANDARD = gnu99;
				GCC_DYNAMIC_NO_PIC = NO;
				GCC_OPTIMIZATION_LEVEL = 0;
				GCC_PREPROCESSOR_DEFINITIONS = (
					"DEBUG=1",
					"$(inherited)",
				);
				GCC_SYMBOLS_PRIVATE_EXTERN = NO;
				GCC_WARN_64_TO_32_BIT_CONVERSION = YES;
				GCC_WARN_ABOUT_RETURN_TYPE = YES_ERROR;
				GCC_WARN_UNDECLARED_SELECTOR = YES;
				GCC_WARN_UNINITIALIZED_AUTOS = YES_AGGRESSIVE;
				GCC_WARN_UNUSED_FUNCTION = YES;
				GCC_WARN_UNUSED_VARIABLE = YES;
				IPHONEOS_DEPLOYMENT_TARGET = 7.1;
				ONLY_ACTIVE_ARCH = YES;
				SDKROOT = iphoneos;
			};
			name = Debug;
		};
		8A05247C19313C9000780643 /* Release */ = {
			isa = XCBuildConfiguration;
			buildSettings = {
				ALWAYS_SEARCH_USER_PATHS = NO;
				CLANG_CXX_LANGUAGE_STANDARD = "gnu++0x";
				CLANG_CXX_LIBRARY = "libc++";
				CLANG_ENABLE_MODULES = YES;
				CLANG_ENABLE_OBJC_ARC = YES;
				CLANG_WARN_BOOL_CONVERSION = YES;
				CLANG_WARN_CONSTANT_CONVERSION = YES;
				CLANG_WARN_DIRECT_OBJC_ISA_USAGE = YES_ERROR;
				CLANG_WARN_EMPTY_BODY = YES;
				CLANG_WARN_ENUM_CONVERSION = YES;
				CLANG_WARN_INT_CONVERSION = YES;
				CLANG_WARN_OBJC_ROOT_CLASS = YES_ERROR;
				CLANG_WARN__DUPLICATE_METHOD_MATCH = YES;
				"CODE_SIGN_IDENTITY[sdk=iphoneos*]" = "iPhone Developer";
				COPY_PHASE_STRIP = YES;
				ENABLE_NS_ASSERTIONS = NO;
				GCC_C_LANGUAGE_STANDARD = gnu99;
				GCC_WARN_64_TO_32_BIT_CONVERSION = YES;
				GCC_WARN_ABOUT_RETURN_TYPE = YES_ERROR;
				GCC_WARN_UNDECLARED_SELECTOR = YES;
				GCC_WARN_UNINITIALIZED_AUTOS = YES_AGGRESSIVE;
				GCC_WARN_UNUSED_FUNCTION = YES;
				GCC_WARN_UNUSED_VARIABLE = YES;
				IPHONEOS_DEPLOYMENT_TARGET = 7.1;
				SDKROOT = iphoneos;
				VALIDATE_PRODUCT = YES;
			};
			name = Release;
		};
		8A05247E19313C9000780643 /* Debug */ = {
			isa = XCBuildConfiguration;
			buildSettings = {
				ASSETCATALOG_COMPILER_APPICON_NAME = AppIcon;
				ASSETCATALOG_COMPILER_LAUNCHIMAGE_NAME = LaunchImage;
				GCC_PRECOMPILE_PREFIX_HEADER = YES;
				GCC_PREFIX_HEADER = "Textventure/Textventure-Prefix.pch";
				INFOPLIST_FILE = "Textventure/Textventure-Info.plist";
				PRODUCT_NAME = "$(TARGET_NAME)";
				WRAPPER_EXTENSION = app;
			};
			name = Debug;
		};
		8A05247F19313C9000780643 /* Release */ = {
			isa = XCBuildConfiguration;
			buildSettings = {
				ASSETCATALOG_COMPILER_APPICON_NAME = AppIcon;
				ASSETCATALOG_COMPILER_LAUNCHIMAGE_NAME = LaunchImage;
				GCC_PRECOMPILE_PREFIX_HEADER = YES;
				GCC_PREFIX_HEADER = "Textventure/Textventure-Prefix.pch";
				INFOPLIST_FILE = "Textventure/Textventure-Info.plist";
				PRODUCT_NAME = "$(TARGET_NAME)";
				WRAPPER_EXTENSION = app;
			};
			name = Release;
		};
		8A05248119313C9000780643 /* Debug */ = {
			isa = XCBuildConfiguration;
			buildSettings = {
				BUNDLE_LOADER = "$(BUILT_PRODUCTS_DIR)/Textventure.app/Textventure";
				FRAMEWORK_SEARCH_PATHS = (
					"$(SDKROOT)/Developer/Library/Frameworks",
					"$(inherited)",
					"$(DEVELOPER_FRAMEWORKS_DIR)",
				);
				GCC_PRECOMPILE_PREFIX_HEADER = YES;
				GCC_PREFIX_HEADER = "Textventure/Textventure-Prefix.pch";
				GCC_PREPROCESSOR_DEFINITIONS = (
					"DEBUG=1",
					"$(inherited)",
				);
				INFOPLIST_FILE = "TextventureTests/TextventureTests-Info.plist";
				PRODUCT_NAME = "$(TARGET_NAME)";
				TEST_HOST = "$(BUNDLE_LOADER)";
				WRAPPER_EXTENSION = xctest;
			};
			name = Debug;
		};
		8A05248219313C9000780643 /* Release */ = {
			isa = XCBuildConfiguration;
			buildSettings = {
				BUNDLE_LOADER = "$(BUILT_PRODUCTS_DIR)/Textventure.app/Textventure";
				FRAMEWORK_SEARCH_PATHS = (
					"$(SDKROOT)/Developer/Library/Frameworks",
					"$(inherited)",
					"$(DEVELOPER_FRAMEWORKS_DIR)",
				);
				GCC_PRECOMPILE_PREFIX_HEADER = YES;
				GCC_PREFIX_HEADER = "Textventure/Textventure-Prefix.pch";
				INFOPLIST_FILE = "TextventureTests/TextventureTests-Info.plist";
				PRODUCT_NAME = "$(TARGET_NAME)";
				TEST_HOST = "$(BUNDLE_LOADER)";
				WRAPPER_EXTENSION = xctest;
			};
			name = Release;
		};
/* End XCBuildConfiguration section */

/* Begin XCConfigurationList section */
		8A05244319313C9000780643 /* Build configuration list for PBXProject "Textventure" */ = {
			isa = XCConfigurationList;
			buildConfigurations = (
				8A05247B19313C9000780643 /* Debug */,
				8A05247C19313C9000780643 /* Release */,
			);
			defaultConfigurationIsVisible = 0;
			defaultConfigurationName = Release;
		};
		8A05247D19313C9000780643 /* Build configuration list for PBXNativeTarget "Textventure" */ = {
			isa = XCConfigurationList;
			buildConfigurations = (
				8A05247E19313C9000780643 /* Debug */,
				8A05247F19313C9000780643 /* Release */,
			);
			defaultConfigurationIsVisible = 0;
		};
		8A05248019313C9000780643 /* Build configuration list for PBXNativeTarget "TextventureTests" */ = {
			isa = XCConfigurationList;
			buildConfigurations = (
				8A05248119313C9000780643 /* Debug */,
				8A05248219313C9000780643 /* Release */,
			);
			defaultConfigurationIsVisible = 0;
		};
/* End XCConfigurationList section */
	};
	rootObject = 8A05244019313C9000780643 /* Project object */;
}
